
Microsoft Visual Studio Solution File, Format Version 12.00
# Visual Studio Version 16
VisualStudioVersion = 16.0.29001.49
MinimumVisualStudioVersion = 10.0.40219.1
Project("{9A19103F-16F7-4668-BE54-9A1E7A4F7556}") = "ProHaus.PortalOnline.Dominio", "ProHaus.PortalOnline.Dominio\ProHaus.PortalOnline.Dominio.csproj", "{5C6B6622-EDB0-4053-AE97-51E4B9EE4AB9}"
EndProject
Project("{9A19103F-16F7-4668-BE54-9A1E7A4F7556}") = "ProHaus.PortalOnline.Repositorio", "ProHaus.PortalOnline.Repositorio\ProHaus.PortalOnline.Repositorio.csproj", "{BC061901-0D7F-483B-9FA0-5ACEBBBE8ED0}"
EndProject
Project("{FAE04EC0-301F-11D3-BF4B-00C04F79EFBC}") = "ProHaus.PortalOnline.Web", "ProHaus.PortalOnline.Web\ProHaus.PortalOnline.Web.csproj", "{6B531D88-BC5F-42D4-9497-3D8A0FF80504}"
EndProject
Global
	GlobalSection(SolutionConfigurationPlatforms) = preSolution
		Debug|Any CPU = Debug|Any CPU
		Release|Any CPU = Release|Any CPU
	EndGlobalSection
	GlobalSection(ProjectConfigurationPlatforms) = postSolution
		{5C6B6622-EDB0-4053-AE97-51E4B9EE4AB9}.Debug|Any CPU.ActiveCfg = Debug|Any CPU
		{5C6B6622-EDB0-4053-AE97-51E4B9EE4AB9}.Debug|Any CPU.Build.0 = Debug|Any CPU
		{5C6B6622-EDB0-4053-AE97-51E4B9EE4AB9}.Release|Any CPU.ActiveCfg = Release|Any CPU
		{5C6B6622-EDB0-4053-AE97-51E4B9EE4AB9}.Release|Any CPU.Build.0 = Release|Any CPU
		{BC061901-0D7F-483B-9FA0-5ACEBBBE8ED0}.Debug|Any CPU.ActiveCfg = Debug|Any CPU
		{BC061901-0D7F-483B-9FA0-5ACEBBBE8ED0}.Debug|Any CPU.Build.0 = Debug|Any CPU
		{BC061901-0D7F-483B-9FA0-5ACEBBBE8ED0}.Release|Any CPU.ActiveCfg = Release|Any CPU
		{BC061901-0D7F-483B-9FA0-5ACEBBBE8ED0}.Release|Any CPU.Build.0 = Release|Any CPU
		{6B531D88-BC5F-42D4-9497-3D8A0FF80504}.Debug|Any CPU.ActiveCfg = Debug|Any CPU
		{6B531D88-BC5F-42D4-9497-3D8A0FF80504}.Debug|Any CPU.Build.0 = Debug|Any CPU
		{6B531D88-BC5F-42D4-9497-3D8A0FF80504}.Release|Any CPU.ActiveCfg = Release|Any CPU
		{6B531D88-BC5F-42D4-9497-3D8A0FF80504}.Release|Any CPU.Build.0 = Release|Any CPU
	EndGlobalSection
	GlobalSection(SolutionProperties) = preSolution
		HideSolutionNode = FALSE
	EndGlobalSection
	GlobalSection(ExtensibilityGlobals) = postSolution
		SolutionGuid = {0A594842-79CA-42CA-845C-F4DED8E8F64B}
	EndGlobalSection
EndGlobal
